
Microsoft Visual Studio Solution File, Format Version 12.00
# Visual Studio Version 17
VisualStudioVersion = 17.0.31903.59
MinimumVisualStudioVersion = 10.0.40219.1
Project("{FAE04EC0-301F-11D3-BF4B-00C04F79EFBC}") = "router", "router.csproj", "{226993BF-BDB6-4ADB-A217-C5301F5CDC78}"
EndProject
Global
	GlobalSection(SolutionConfigurationPlatforms) = preSolution
		Debug|Any CPU = Debug|Any CPU
		Release|Any CPU = Release|Any CPU
	EndGlobalSection
	GlobalSection(ProjectConfigurationPlatforms) = postSolution
		{226993BF-BDB6-4ADB-A217-C5301F5CDC78}.Debug|Any CPU.ActiveCfg = Debug|Any CPU
		{226993BF-BDB6-4ADB-A217-C5301F5CDC78}.Debug|Any CPU.Build.0 = Debug|Any CPU
		{226993BF-BDB6-4ADB-A217-C5301F5CDC78}.Release|Any CPU.ActiveCfg = Release|Any CPU
		{226993BF-BDB6-4ADB-A217-C5301F5CDC78}.Release|Any CPU.Build.0 = Release|Any CPU
	EndGlobalSection
	GlobalSection(SolutionProperties) = preSolution
		HideSolutionNode = FALSE
	EndGlobalSection
	GlobalSection(ExtensibilityGlobals) = postSolution
		SolutionGuid = {4F69206A-AB97-4B2D-90C4-7842F2A9C273}
	EndGlobalSection
EndGlobal
